// !$*UTF8*$!
{
	archiveVersion = 1;
	classes = {
	};
	objectVersion = 55;
	objects = {

/* Begin PBXBuildFile section */
		6221F56A281EE6DF00561AAF /* AppDelegate.swift in Sources */ = {isa = PBXBuildFile; fileRef = 6221F569281EE6DF00561AAF /* AppDelegate.swift */; };
		6221F56C281EE6DF00561AAF /* SceneDelegate.swift in Sources */ = {isa = PBXBuildFile; fileRef = 6221F56B281EE6DF00561AAF /* SceneDelegate.swift */; };
		6221F571281EE6DF00561AAF /* Main.storyboard in Resources */ = {isa = PBXBuildFile; fileRef = 6221F56F281EE6DF00561AAF /* Main.storyboard */; };
		6221F573281EE6E200561AAF /* Assets.xcassets in Resources */ = {isa = PBXBuildFile; fileRef = 6221F572281EE6E200561AAF /* Assets.xcassets */; };
		6221F576281EE6E200561AAF /* LaunchScreen.storyboard in Resources */ = {isa = PBXBuildFile; fileRef = 6221F574281EE6E200561AAF /* LaunchScreen.storyboard */; };
		6221F57F281EE75300561AAF /* NewsListTableViewController.swift in Sources */ = {isa = PBXBuildFile; fileRef = 6221F57E281EE75300561AAF /* NewsListTableViewController.swift */; };
		62CC5892281FFA800086B83D /* Webservices.swift in Sources */ = {isa = PBXBuildFile; fileRef = 62CC5891281FFA800086B83D /* Webservices.swift */; };
		62CC5895282046CE0086B83D /* Article.swift in Sources */ = {isa = PBXBuildFile; fileRef = 62CC5894282046CE0086B83D /* Article.swift */; };
		62CC58982820734B0086B83D /* ArticleViewModel.swift in Sources */ = {isa = PBXBuildFile; fileRef = 62CC58972820734B0086B83D /* ArticleViewModel.swift */; };
		62DC345728215FA900CFBEF3 /* ArticleTableViewCell.swift in Sources */ = {isa = PBXBuildFile; fileRef = 62DC345628215FA900CFBEF3 /* ArticleTableViewCell.swift */; };
/* End PBXBuildFile section */

/* Begin PBXFileReference section */
		6221F566281EE6DF00561AAF /* News Application.app */ = {isa = PBXFileReference; explicitFileType = wrapper.application; includeInIndex = 0; path = "News Application.app"; sourceTree = BUILT_PRODUCTS_DIR; };
		6221F569281EE6DF00561AAF /* AppDelegate.swift */ = {isa = PBXFileReference; lastKnownFileType = sourcecode.swift; path = AppDelegate.swift; sourceTree = "<group>"; };
		6221F56B281EE6DF00561AAF /* SceneDelegate.swift */ = {isa = PBXFileReference; lastKnownFileType = sourcecode.swift; path = SceneDelegate.swift; sourceTree = "<group>"; };
		6221F570281EE6DF00561AAF /* Base */ = {isa = PBXFileReference; lastKnownFileType = file.storyboard; name = Base; path = Base.lproj/Main.storyboard; sourceTree = "<group>"; };
		6221F572281EE6E200561AAF /* Assets.xcassets */ = {isa = PBXFileReference; lastKnownFileType = folder.assetcatalog; path = Assets.xcassets; sourceTree = "<group>"; };
		6221F575281EE6E200561AAF /* Base */ = {isa = PBXFileReference; lastKnownFileType = file.storyboard; name = Base; path = Base.lproj/LaunchScreen.storyboard; sourceTree = "<group>"; };
		6221F577281EE6E200561AAF /* Info.plist */ = {isa = PBXFileReference; lastKnownFileType = text.plist.xml; path = Info.plist; sourceTree = "<group>"; };
		6221F57E281EE75300561AAF /* NewsListTableViewController.swift */ = {isa = PBXFileReference; lastKnownFileType = sourcecode.swift; path = NewsListTableViewController.swift; sourceTree = "<group>"; };
		62CC5891281FFA800086B83D /* Webservices.swift */ = {isa = PBXFileReference; lastKnownFileType = sourcecode.swift; path = Webservices.swift; sourceTree = "<group>"; };
		62CC5894282046CE0086B83D /* Article.swift */ = {isa = PBXFileReference; lastKnownFileType = sourcecode.swift; path = Article.swift; sourceTree = "<group>"; };
		62CC58972820734B0086B83D /* ArticleViewModel.swift */ = {isa = PBXFileReference; lastKnownFileType = sourcecode.swift; path = ArticleViewModel.swift; sourceTree = "<group>"; };
		62DC345628215FA900CFBEF3 /* ArticleTableViewCell.swift */ = {isa = PBXFileReference; lastKnownFileType = sourcecode.swift; path = ArticleTableViewCell.swift; sourceTree = "<group>"; };
/* End PBXFileReference section */

/* Begin PBXFrameworksBuildPhase section */
		6221F563281EE6DF00561AAF /* Frameworks */ = {
			isa = PBXFrameworksBuildPhase;
			buildActionMask = 2147483647;
			files = (
			);
			runOnlyForDeploymentPostprocessing = 0;
		};
/* End PBXFrameworksBuildPhase section */

/* Begin PBXGroup section */
		6221F55D281EE6DF00561AAF = {
			isa = PBXGroup;
			children = (
				6221F568281EE6DF00561AAF /* News Application */,
				6221F567281EE6DF00561AAF /* Products */,
			);
			sourceTree = "<group>";
		};
		6221F567281EE6DF00561AAF /* Products */ = {
			isa = PBXGroup;
			children = (
				6221F566281EE6DF00561AAF /* News Application.app */,
			);
			name = Products;
			sourceTree = "<group>";
		};
		6221F568281EE6DF00561AAF /* News Application */ = {
			isa = PBXGroup;
			children = (
				62DC345528215F9800CFBEF3 /* Cells */,
				62CC589628204D210086B83D /* ViewModels */,
				62CC5893282046BD0086B83D /* Models */,
				62CC5890281FFA760086B83D /* Services */,
				6221F57D281EE72700561AAF /* Controllers */,
				6221F569281EE6DF00561AAF /* AppDelegate.swift */,
				6221F56B281EE6DF00561AAF /* SceneDelegate.swift */,
				6221F56F281EE6DF00561AAF /* Main.storyboard */,
				6221F572281EE6E200561AAF /* Assets.xcassets */,
				6221F574281EE6E200561AAF /* LaunchScreen.storyboard */,
				6221F577281EE6E200561AAF /* Info.plist */,
			);
			path = "News Application";
			sourceTree = "<group>";
		};
		6221F57D281EE72700561AAF /* Controllers */ = {
			isa = PBXGroup;
			children = (
				6221F57E281EE75300561AAF /* NewsListTableViewController.swift */,
			);
			path = Controllers;
			sourceTree = "<group>";
		};
		62CC5890281FFA760086B83D /* Services */ = {
			isa = PBXGroup;
			children = (
				62CC5891281FFA800086B83D /* Webservices.swift */,
			);
			path = Services;
			sourceTree = "<group>";
		};
		62CC5893282046BD0086B83D /* Models */ = {
			isa = PBXGroup;
			children = (
				62CC5894282046CE0086B83D /* Article.swift */,
			);
			path = Models;
			sourceTree = "<group>";
		};
		62CC589628204D210086B83D /* ViewModels */ = {
			isa = PBXGroup;
			children = (
				62CC58972820734B0086B83D /* ArticleViewModel.swift */,
			);
			path = ViewModels;
			sourceTree = "<group>";
		};
		62DC345528215F9800CFBEF3 /* Cells */ = {
			isa = PBXGroup;
			children = (
				62DC345628215FA900CFBEF3 /* ArticleTableViewCell.swift */,
			);
			path = Cells;
			sourceTree = "<group>";
		};
/* End PBXGroup section */

/* Begin PBXNativeTarget section */
		6221F565281EE6DF00561AAF /* News Application */ = {
			isa = PBXNativeTarget;
			buildConfigurationList = 6221F57A281EE6E200561AAF /* Build configuration list for PBXNativeTarget "News Application" */;
			buildPhases = (
				6221F562281EE6DF00561AAF /* Sources */,
				6221F563281EE6DF00561AAF /* Frameworks */,
				6221F564281EE6DF00561AAF /* Resources */,
			);
			buildRules = (
			);
			dependencies = (
			);
			name = "News Application";
			productName = "News Application";
			productReference = 6221F566281EE6DF00561AAF /* News Application.app */;
			productType = "com.apple.product-type.application";
		};
/* End PBXNativeTarget section */

/* Begin PBXProject section */
		6221F55E281EE6DF00561AAF /* Project object */ = {
			isa = PBXProject;
			attributes = {
				BuildIndependentTargetsInParallel = 1;
				LastSwiftUpdateCheck = 1330;
				LastUpgradeCheck = 1330;
				TargetAttributes = {
					6221F565281EE6DF00561AAF = {
						CreatedOnToolsVersion = 13.3.1;
					};
				};
			};
			buildConfigurationList = 6221F561281EE6DF00561AAF /* Build configuration list for PBXProject "News Application" */;
			compatibilityVersion = "Xcode 13.0";
			developmentRegion = en;
			hasScannedForEncodings = 0;
			knownRegions = (
				en,
				Base,
			);
			mainGroup = 6221F55D281EE6DF00561AAF;
			productRefGroup = 6221F567281EE6DF00561AAF /* Products */;
			projectDirPath = "";
			projectRoot = "";
			targets = (
				6221F565281EE6DF00561AAF /* News Application */,
			);
		};
/* End PBXProject section */

/* Begin PBXResourcesBuildPhase section */
		6221F564281EE6DF00561AAF /* Resources */ = {
			isa = PBXResourcesBuildPhase;
			buildActionMask = 2147483647;
			files = (
				6221F576281EE6E200561AAF /* LaunchScreen.storyboard in Resources */,
				6221F573281EE6E200561AAF /* Assets.xcassets in Resources */,
				6221F571281EE6DF00561AAF /* Main.storyboard in Resources */,
			);
			runOnlyForDeploymentPostprocessing = 0;
		};
/* End PBXResourcesBuildPhase section */

/* Begin PBXSourcesBuildPhase section */
		6221F562281EE6DF00561AAF /* Sources */ = {
			isa = PBXSourcesBuildPhase;
			buildActionMask = 2147483647;
			files = (
				6221F56A281EE6DF00561AAF /* AppDelegate.swift in Sources */,
				6221F57F281EE75300561AAF /* NewsListTableViewController.swift in Sources */,
				62CC5892281FFA800086B83D /* Webservices.swift in Sources */,
				62CC58982820734B0086B83D /* ArticleViewModel.swift in Sources */,
				6221F56C281EE6DF00561AAF /* SceneDelegate.swift in Sources */,
				62DC345728215FA900CFBEF3 /* ArticleTableViewCell.swift in Sources */,
				62CC5895282046CE0086B83D /* Article.swift in Sources */,
			);
			runOnlyForDeploymentPostprocessing = 0;
		};
/* End PBXSourcesBuildPhase section */

/* Begin PBXVariantGroup section */
		6221F56F281EE6DF00561AAF /* Main.storyboard */ = {
			isa = PBXVariantGroup;
			children = (
				6221F570281EE6DF00561AAF /* Base */,
			);
			name = Main.storyboard;
			sourceTree = "<group>";
		};
		6221F574281EE6E200561AAF /* LaunchScreen.storyboard */ = {
			isa = PBXVariantGroup;
			children = (
				6221F575281EE6E200561AAF /* Base */,
			);
			name = LaunchScreen.storyboard;
			sourceTree = "<group>";
		};
/* End PBXVariantGroup section */

/* Begin XCBuildConfiguration section */
		6221F578281EE6E200561AAF /* Debug */ = {
			isa = XCBuildConfiguration;
			buildSettings = {
				ALWAYS_SEARCH_USER_PATHS = NO;
				CLANG_ANALYZER_NONNULL = YES;
				CLANG_ANALYZER_NUMBER_OBJECT_CONVERSION = YES_AGGRESSIVE;
				CLANG_CXX_LANGUAGE_STANDARD = "gnu++17";
				CLANG_ENABLE_MODULES = YES;
				CLANG_ENABLE_OBJC_ARC = YES;
				CLANG_ENABLE_OBJC_WEAK = YES;
				CLANG_WARN_BLOCK_CAPTURE_AUTORELEASING = YES;
				CLANG_WARN_BOOL_CONVERSION = YES;
				CLANG_WARN_COMMA = YES;
				CLANG_WARN_CONSTANT_CONVERSION = YES;
				CLANG_WARN_DEPRECATED_OBJC_IMPLEMENTATIONS = YES;
				CLANG_WARN_DIRECT_OBJC_ISA_USAGE = YES_ERROR;
				CLANG_WARN_DOCUMENTATION_COMMENTS = YES;
				CLANG_WARN_EMPTY_BODY = YES;
				CLANG_WARN_ENUM_CONVERSION = YES;
				CLANG_WARN_INFINITE_RECURSION = YES;
				CLANG_WARN_INT_CONVERSION = YES;
				CLANG_WARN_NON_LITERAL_NULL_CONVERSION = YES;
				CLANG_WARN_OBJC_IMPLICIT_RETAIN_SELF = YES;
				CLANG_WARN_OBJC_LITERAL_CONVERSION = YES;
				CLANG_WARN_OBJC_ROOT_CLASS = YES_ERROR;
				CLANG_WARN_QUOTED_INCLUDE_IN_FRAMEWORK_HEADER = YES;
				CLANG_WARN_RANGE_LOOP_ANALYSIS = YES;
				CLANG_WARN_STRICT_PROTOTYPES = YES;
				CLANG_WARN_SUSPICIOUS_MOVE = YES;
				CLANG_WARN_UNGUARDED_AVAILABILITY = YES_AGGRESSIVE;
				CLANG_WARN_UNREACHABLE_CODE = YES;
				CLANG_WARN__DUPLICATE_METHOD_MATCH = YES;
				COPY_PHASE_STRIP = NO;
				DEBUG_INFORMATION_FORMAT = dwarf;
				ENABLE_STRICT_OBJC_MSGSEND = YES;
				ENABLE_TESTABILITY = YES;
				GCC_C_LANGUAGE_STANDARD = gnu11;
				GCC_DYNAMIC_NO_PIC = NO;
				GCC_NO_COMMON_BLOCKS = YES;
				GCC_OPTIMIZATION_LEVEL = 0;
				GCC_PREPROCESSOR_DEFINITIONS = (
					"DEBUG=1",
					"$(inherited)",
				);
				GCC_WARN_64_TO_32_BIT_CONVERSION = YES;
				GCC_WARN_ABOUT_RETURN_TYPE = YES_ERROR;
				GCC_WARN_UNDECLARED_SELECTOR = YES;
				GCC_WARN_UNINITIALIZED_AUTOS = YES_AGGRESSIVE;
				GCC_WARN_UNUSED_FUNCTION = YES;
				GCC_WARN_UNUSED_VARIABLE = YES;
				IPHONEOS_DEPLOYMENT_TARGET = 15.4;
				MTL_ENABLE_DEBUG_INFO = INCLUDE_SOURCE;
				MTL_FAST_MATH = YES;
				ONLY_ACTIVE_ARCH = YES;
				SDKROOT = iphoneos;
				SWIFT_ACTIVE_COMPILATION_CONDITIONS = DEBUG;
				SWIFT_OPTIMIZATION_LEVEL = "-Onone";
			};
			name = Debug;
		};
		6221F579281EE6E200561AAF /* Release */ = {
			isa = XCBuildConfiguration;
			buildSettings = {
				ALWAYS_SEARCH_USER_PATHS = NO;
				CLANG_ANALYZER_NONNULL = YES;
				CLANG_ANALYZER_NUMBER_OBJECT_CONVERSION = YES_AGGRESSIVE;
				CLANG_CXX_LANGUAGE_STANDARD = "gnu++17";
				CLANG_ENABLE_MODULES = YES;
				CLANG_ENABLE_OBJC_ARC = YES;
				CLANG_ENABLE_OBJC_WEAK = YES;
				CLANG_WARN_BLOCK_CAPTURE_AUTORELEASING = YES;
				CLANG_WARN_BOOL_CONVERSION = YES;
				CLANG_WARN_COMMA = YES;
				CLANG_WARN_CONSTANT_CONVERSION = YES;
				CLANG_WARN_DEPRECATED_OBJC_IMPLEMENTATIONS = YES;
				CLANG_WARN_DIRECT_OBJC_ISA_USAGE = YES_ERROR;
				CLANG_WARN_DOCUMENTATION_COMMENTS = YES;
				CLANG_WARN_EMPTY_BODY = YES;
				CLANG_WARN_ENUM_CONVERSION = YES;
				CLANG_WARN_INFINITE_RECURSION = YES;
				CLANG_WARN_INT_CONVERSION = YES;
				CLANG_WARN_NON_LITERAL_NULL_CONVERSION = YES;
				CLANG_WARN_OBJC_IMPLICIT_RETAIN_SELF = YES;
				CLANG_WARN_OBJC_LITERAL_CONVERSION = YES;
				CLANG_WARN_OBJC_ROOT_CLASS = YES_ERROR;
				CLANG_WARN_QUOTED_INCLUDE_IN_FRAMEWORK_HEADER = YES;
				CLANG_WARN_RANGE_LOOP_ANALYSIS = YES;
				CLANG_WARN_STRICT_PROTOTYPES = YES;
				CLANG_WARN_SUSPICIOUS_MOVE = YES;
				CLANG_WARN_UNGUARDED_AVAILABILITY = YES_AGGRESSIVE;
				CLANG_WARN_UNREACHABLE_CODE = YES;
				CLANG_WARN__DUPLICATE_METHOD_MATCH = YES;
				COPY_PHASE_STRIP = NO;
				DEBUG_INFORMATION_FORMAT = "dwarf-with-dsym";
				ENABLE_NS_ASSERTIONS = NO;
				ENABLE_STRICT_OBJC_MSGSEND = YES;
				GCC_C_LANGUAGE_STANDARD = gnu11;
				GCC_NO_COMMON_BLOCKS = YES;
				GCC_WARN_64_TO_32_BIT_CONVERSION = YES;
				GCC_WARN_ABOUT_RETURN_TYPE = YES_ERROR;
				GCC_WARN_UNDECLARED_SELECTOR = YES;
				GCC_WARN_UNINITIALIZED_AUTOS = YES_AGGRESSIVE;
				GCC_WARN_UNUSED_FUNCTION = YES;
				GCC_WARN_UNUSED_VARIABLE = YES;
				IPHONEOS_DEPLOYMENT_TARGET = 15.4;
				MTL_ENABLE_DEBUG_INFO = NO;
				MTL_FAST_MATH = YES;
				SDKROOT = iphoneos;
				SWIFT_COMPILATION_MODE = wholemodule;
				SWIFT_OPTIMIZATION_LEVEL = "-O";
				VALIDATE_PRODUCT = YES;
			};
			name = Release;
		};
		6221F57B281EE6E200561AAF /* Debug */ = {
			isa = XCBuildConfiguration;
			buildSettings = {
				ASSETCATALOG_COMPILER_APPICON_NAME = AppIcon;
				ASSETCATALOG_COMPILER_GLOBAL_ACCENT_COLOR_NAME = AccentColor;
				CODE_SIGN_STYLE = Automatic;
				CURRENT_PROJECT_VERSION = 1;
				DEVELOPMENT_TEAM = C6J725SUHU;
				GENERATE_INFOPLIST_FILE = YES;
				INFOPLIST_FILE = "News Application/Info.plist";
				INFOPLIST_KEY_UIApplicationSupportsIndirectInputEvents = YES;
				INFOPLIST_KEY_UILaunchStoryboardName = LaunchScreen;
				INFOPLIST_KEY_UIMainStoryboardFile = Main;
				INFOPLIST_KEY_UISupportedInterfaceOrientations_iPad = "UIInterfaceOrientationPortrait UIInterfaceOrientationPortraitUpsideDown UIInterfaceOrientationLandscapeLeft UIInterfaceOrientationLandscapeRight";
				INFOPLIST_KEY_UISupportedInterfaceOrientations_iPhone = "UIInterfaceOrientationPortrait UIInterfaceOrientationLandscapeLeft UIInterfaceOrientationLandscapeRight";
				LD_RUNPATH_SEARCH_PATHS = (
					"$(inherited)",
					"@executable_path/Frameworks",
				);
				MARKETING_VERSION = 1.0;
				PRODUCT_BUNDLE_IDENTIFIER = "safaktepemert.News-Application";
				PRODUCT_NAME = "$(TARGET_NAME)";
				SWIFT_EMIT_LOC_STRINGS = YES;
				SWIFT_VERSION = 5.0;
				TARGETED_DEVICE_FAMILY = 1;
			};
			name = Debug;
		};
		6221F57C281EE6E200561AAF /* Release */ = {
			isa = XCBuildConfiguration;
			buildSettings = {
				ASSETCATALOG_COMPILER_APPICON_NAME = AppIcon;
				ASSETCATALOG_COMPILER_GLOBAL_ACCENT_COLOR_NAME = AccentColor;
				CODE_SIGN_STYLE = Automatic;
				CURRENT_PROJECT_VERSION = 1;
				DEVELOPMENT_TEAM = C6J725SUHU;
				GENERATE_INFOPLIST_FILE = YES;
				INFOPLIST_FILE = "News Application/Info.plist";
				INFOPLIST_KEY_UIApplicationSupportsIndirectInputEvents = YES;
				INFOPLIST_KEY_UILaunchStoryboardName = LaunchScreen;
				INFOPLIST_KEY_UIMainStoryboardFile = Main;
				INFOPLIST_KEY_UISupportedInterfaceOrientations_iPad = "UIInterfaceOrientationPortrait UIInterfaceOrientationPortraitUpsideDown UIInterfaceOrientationLandscapeLeft UIInterfaceOrientationLandscapeRight";
				INFOPLIST_KEY_UISupportedInterfaceOrientations_iPhone = "UIInterfaceOrientationPortrait UIInterfaceOrientationLandscapeLeft UIInterfaceOrientationLandscapeRight";
				LD_RUNPATH_SEARCH_PATHS = (
					"$(inherited)",
					"@executable_path/Frameworks",
				);
				MARKETING_VERSION = 1.0;
				PRODUCT_BUNDLE_IDENTIFIER = "safaktepemert.News-Application";
				PRODUCT_NAME = "$(TARGET_NAME)";
				SWIFT_EMIT_LOC_STRINGS = YES;
				SWIFT_VERSION = 5.0;
				TARGETED_DEVICE_FAMILY = 1;
			};
			name = Release;
		};
/* End XCBuildConfiguration section */

/* Begin XCConfigurationList section */
		6221F561281EE6DF00561AAF /* Build configuration list for PBXProject "News Application" */ = {
			isa = XCConfigurationList;
			buildConfigurations = (
				6221F578281EE6E200561AAF /* Debug */,
				6221F579281EE6E200561AAF /* Release */,
			);
			defaultConfigurationIsVisible = 0;
			defaultConfigurationName = Release;
		};
		6221F57A281EE6E200561AAF /* Build configuration list for PBXNativeTarget "News Application" */ = {
			isa = XCConfigurationList;
			buildConfigurations = (
				6221F57B281EE6E200561AAF /* Debug */,
				6221F57C281EE6E200561AAF /* Release */,
			);
			defaultConfigurationIsVisible = 0;
			defaultConfigurationName = Release;
		};
/* End XCConfigurationList section */
	};
	rootObject = 6221F55E281EE6DF00561AAF /* Project object */;
}
